
Microsoft Visual Studio Solution File, Format Version 12.00
# Visual Studio Version 16
VisualStudioVersion = 16.0.30804.86
MinimumVisualStudioVersion = 10.0.40219.1
Project("{8BC9CEB8-8B4A-11D0-8D11-00A0C91BC942}") = "skeleton", "skeleton\skeleton.vcxproj", "{09B38759-73ED-4A81-AA45-0C90D155B6BB}"
EndProject
Project("{8BC9CEB8-8B4A-11D0-8D11-00A0C91BC942}") = "random_numbers", "random_numbers\random_numbers.vcxproj", "{ABFEB211-FA77-497B-96C3-CE2211182C89}"
EndProject
Project("{8BC9CEB8-8B4A-11D0-8D11-00A0C91BC942}") = "session2", "session2\session2.vcxproj", "{5BF362A2-176F-441B-912A-3CFEDF5BA6AB}"
EndProject
Project("{888888A0-9F3D-457C-B088-3A5042F75D52}") = "python", "python\python.pyproj", "{5B01320C-D584-445A-A164-6DA5D14B3C9B}"
EndProject
Project("{8BC9CEB8-8B4A-11D0-8D11-00A0C91BC942}") = "basic_vector", "basic_vector\basic_vector.vcxproj", "{869717DF-A60C-485D-AB2C-39938D29FF39}"
EndProject
Global
	GlobalSection(SolutionConfigurationPlatforms) = preSolution
		Debug|Any CPU = Debug|Any CPU
		Debug|x64 = Debug|x64
		Debug|x86 = Debug|x86
		Release|Any CPU = Release|Any CPU
		Release|x64 = Release|x64
		Release|x86 = Release|x86
	EndGlobalSection
	GlobalSection(ProjectConfigurationPlatforms) = postSolution
		{09B38759-73ED-4A81-AA45-0C90D155B6BB}.Debug|Any CPU.ActiveCfg = Debug|Win32
		{09B38759-73ED-4A81-AA45-0C90D155B6BB}.Debug|x64.ActiveCfg = Debug|x64
		{09B38759-73ED-4A81-AA45-0C90D155B6BB}.Debug|x64.Build.0 = Debug|x64
		{09B38759-73ED-4A81-AA45-0C90D155B6BB}.Debug|x86.ActiveCfg = Debug|Win32
		{09B38759-73ED-4A81-AA45-0C90D155B6BB}.Debug|x86.Build.0 = Debug|Win32
		{09B38759-73ED-4A81-AA45-0C90D155B6BB}.Release|Any CPU.ActiveCfg = Release|Win32
		{09B38759-73ED-4A81-AA45-0C90D155B6BB}.Release|x64.ActiveCfg = Release|x64
		{09B38759-73ED-4A81-AA45-0C90D155B6BB}.Release|x64.Build.0 = Release|x64
		{09B38759-73ED-4A81-AA45-0C90D155B6BB}.Release|x86.ActiveCfg = Release|Win32
		{09B38759-73ED-4A81-AA45-0C90D155B6BB}.Release|x86.Build.0 = Release|Win32
		{ABFEB211-FA77-497B-96C3-CE2211182C89}.Debug|Any CPU.ActiveCfg = Debug|Win32
		{ABFEB211-FA77-497B-96C3-CE2211182C89}.Debug|x64.ActiveCfg = Debug|x64
		{ABFEB211-FA77-497B-96C3-CE2211182C89}.Debug|x64.Build.0 = Debug|x64
		{ABFEB211-FA77-497B-96C3-CE2211182C89}.Debug|x86.ActiveCfg = Debug|Win32
		{ABFEB211-FA77-497B-96C3-CE2211182C89}.Debug|x86.Build.0 = Debug|Win32
		{ABFEB211-FA77-497B-96C3-CE2211182C89}.Release|Any CPU.ActiveCfg = Release|Win32
		{ABFEB211-FA77-497B-96C3-CE2211182C89}.Release|x64.ActiveCfg = Release|x64
		{ABFEB211-FA77-497B-96C3-CE2211182C89}.Release|x64.Build.0 = Release|x64
		{ABFEB211-FA77-497B-96C3-CE2211182C89}.Release|x86.ActiveCfg = Release|Win32
		{ABFEB211-FA77-497B-96C3-CE2211182C89}.Release|x86.Build.0 = Release|Win32
		{5BF362A2-176F-441B-912A-3CFEDF5BA6AB}.Debug|Any CPU.ActiveCfg = Debug|Win32
		{5BF362A2-176F-441B-912A-3CFEDF5BA6AB}.Debug|x64.ActiveCfg = Debug|x64
		{5BF362A2-176F-441B-912A-3CFEDF5BA6AB}.Debug|x64.Build.0 = Debug|x64
		{5BF362A2-176F-441B-912A-3CFEDF5BA6AB}.Debug|x86.ActiveCfg = Debug|Win32
		{5BF362A2-176F-441B-912A-3CFEDF5BA6AB}.Debug|x86.Build.0 = Debug|Win32
		{5BF362A2-176F-441B-912A-3CFEDF5BA6AB}.Release|Any CPU.ActiveCfg = Release|Win32
		{5BF362A2-176F-441B-912A-3CFEDF5BA6AB}.Release|x64.ActiveCfg = Release|x64
		{5BF362A2-176F-441B-912A-3CFEDF5BA6AB}.Release|x64.Build.0 = Release|x64
		{5BF362A2-176F-441B-912A-3CFEDF5BA6AB}.Release|x86.ActiveCfg = Release|Win32
		{5BF362A2-176F-441B-912A-3CFEDF5BA6AB}.Release|x86.Build.0 = Release|Win32
		{5B01320C-D584-445A-A164-6DA5D14B3C9B}.Debug|Any CPU.ActiveCfg = Debug|Any CPU
		{5B01320C-D584-445A-A164-6DA5D14B3C9B}.Debug|x64.ActiveCfg = Debug|Any CPU
		{5B01320C-D584-445A-A164-6DA5D14B3C9B}.Debug|x86.ActiveCfg = Debug|Any CPU
		{5B01320C-D584-445A-A164-6DA5D14B3C9B}.Release|Any CPU.ActiveCfg = Release|Any CPU
		{5B01320C-D584-445A-A164-6DA5D14B3C9B}.Release|x64.ActiveCfg = Release|Any CPU
		{5B01320C-D584-445A-A164-6DA5D14B3C9B}.Release|x86.ActiveCfg = Release|Any CPU
		{869717DF-A60C-485D-AB2C-39938D29FF39}.Debug|Any CPU.ActiveCfg = Debug|Win32
		{869717DF-A60C-485D-AB2C-39938D29FF39}.Debug|x64.ActiveCfg = Debug|x64
		{869717DF-A60C-485D-AB2C-39938D29FF39}.Debug|x64.Build.0 = Debug|x64
		{869717DF-A60C-485D-AB2C-39938D29FF39}.Debug|x86.ActiveCfg = Debug|Win32
		{869717DF-A60C-485D-AB2C-39938D29FF39}.Debug|x86.Build.0 = Debug|Win32
		{869717DF-A60C-485D-AB2C-39938D29FF39}.Release|Any CPU.ActiveCfg = Release|Win32
		{869717DF-A60C-485D-AB2C-39938D29FF39}.Release|x64.ActiveCfg = Release|x64
		{869717DF-A60C-485D-AB2C-39938D29FF39}.Release|x64.Build.0 = Release|x64
		{869717DF-A60C-485D-AB2C-39938D29FF39}.Release|x86.ActiveCfg = Release|Win32
		{869717DF-A60C-485D-AB2C-39938D29FF39}.Release|x86.Build.0 = Release|Win32
	EndGlobalSection
	GlobalSection(SolutionProperties) = preSolution
		HideSolutionNode = FALSE
	EndGlobalSection
	GlobalSection(ExtensibilityGlobals) = postSolution
		SolutionGuid = {24FE030D-3527-428D-9053-D08B4D54E2B1}
	EndGlobalSection
EndGlobal
